<Solution>
  <Folder Name="/src/">
    <Project Path="src/Resztka.Api/Resztka.Api.csproj" />
    <Project Path="src/Resztka.Cli/Resztka.Cli.csproj" />
    <Project Path="src/Resztka.Core/Resztka.Core.csproj" />
  </Folder>
  <Folder Name="/tests/">
    <Project Path="tests/Resztka.Api.Tests/Resztka.Api.Tests.csproj" />
    <Project Path="tests/Resztka.Core.Tests/Resztka.Core.Tests.csproj" />
  </Folder>
</Solution>
